// !$*UTF8*$!
{
	archiveVersion = 1;
	classes = {
	};
	objectVersion = 56;
	objects = {

/* Begin PBXBuildFile section */
		36215ECC2AF8238F00197C5E /* SearchVC.swift in Sources */ = {isa = PBXBuildFile; fileRef = 36215ECB2AF8238F00197C5E /* SearchVC.swift */; };
		36215ECE2AF823D600197C5E /* FavoritesListVC.swift in Sources */ = {isa = PBXBuildFile; fileRef = 36215ECD2AF823D600197C5E /* FavoritesListVC.swift */; };
		36215ED02AF82C1000197C5E /* GFButton.swift in Sources */ = {isa = PBXBuildFile; fileRef = 36215ECF2AF82C1000197C5E /* GFButton.swift */; };
		366116152AF1C32900409682 /* AppDelegate.swift in Sources */ = {isa = PBXBuildFile; fileRef = 366116142AF1C32900409682 /* AppDelegate.swift */; };
		366116172AF1C32900409682 /* SceneDelegate.swift in Sources */ = {isa = PBXBuildFile; fileRef = 366116162AF1C32900409682 /* SceneDelegate.swift */; };
		3661161E2AF1C32B00409682 /* Assets.xcassets in Resources */ = {isa = PBXBuildFile; fileRef = 3661161D2AF1C32B00409682 /* Assets.xcassets */; };
		366116212AF1C32B00409682 /* LaunchScreen.storyboard in Resources */ = {isa = PBXBuildFile; fileRef = 3661161F2AF1C32B00409682 /* LaunchScreen.storyboard */; };
		36BB452E2AF8329A007980D1 /* GFTextField.swift in Sources */ = {isa = PBXBuildFile; fileRef = 36BB452D2AF8329A007980D1 /* GFTextField.swift */; };
		36BB45302AF98FB3007980D1 /* FollowerListVC.swift in Sources */ = {isa = PBXBuildFile; fileRef = 36BB452F2AF98FB3007980D1 /* FollowerListVC.swift */; };
		36BB45322AF99491007980D1 /* GFTitleLabel.swift in Sources */ = {isa = PBXBuildFile; fileRef = 36BB45312AF99491007980D1 /* GFTitleLabel.swift */; };
		36BB45342AF995C1007980D1 /* GFBodyLabel.swift in Sources */ = {isa = PBXBuildFile; fileRef = 36BB45332AF995C1007980D1 /* GFBodyLabel.swift */; };
		36BB45362AF9965C007980D1 /* GFAlertVC.swift in Sources */ = {isa = PBXBuildFile; fileRef = 36BB45352AF9965C007980D1 /* GFAlertVC.swift */; };
		36BB45382AF99C57007980D1 /* UIViewController+Ext.swift in Sources */ = {isa = PBXBuildFile; fileRef = 36BB45372AF99C57007980D1 /* UIViewController+Ext.swift */; };
		36BB453E2AF9A608007980D1 /* Follower.swift in Sources */ = {isa = PBXBuildFile; fileRef = 36BB453D2AF9A608007980D1 /* Follower.swift */; };
		36BB45402AF9A611007980D1 /* User.swift in Sources */ = {isa = PBXBuildFile; fileRef = 36BB453F2AF9A611007980D1 /* User.swift */; };
		36BB45442AF9AE67007980D1 /* NetworkManager.swift in Sources */ = {isa = PBXBuildFile; fileRef = 36BB45432AF9AE67007980D1 /* NetworkManager.swift */; };
/* End PBXBuildFile section */

/* Begin PBXFileReference section */
		36215ECB2AF8238F00197C5E /* SearchVC.swift */ = {isa = PBXFileReference; lastKnownFileType = sourcecode.swift; path = SearchVC.swift; sourceTree = "<group>"; };
		36215ECD2AF823D600197C5E /* FavoritesListVC.swift */ = {isa = PBXFileReference; lastKnownFileType = sourcecode.swift; path = FavoritesListVC.swift; sourceTree = "<group>"; };
		36215ECF2AF82C1000197C5E /* GFButton.swift */ = {isa = PBXFileReference; lastKnownFileType = sourcecode.swift; path = GFButton.swift; sourceTree = "<group>"; };
		366116112AF1C32900409682 /* GHFollowers.app */ = {isa = PBXFileReference; explicitFileType = wrapper.application; includeInIndex = 0; path = GHFollowers.app; sourceTree = BUILT_PRODUCTS_DIR; };
		366116142AF1C32900409682 /* AppDelegate.swift */ = {isa = PBXFileReference; lastKnownFileType = sourcecode.swift; path = AppDelegate.swift; sourceTree = "<group>"; };
		366116162AF1C32900409682 /* SceneDelegate.swift */ = {isa = PBXFileReference; lastKnownFileType = sourcecode.swift; path = SceneDelegate.swift; sourceTree = "<group>"; };
		3661161D2AF1C32B00409682 /* Assets.xcassets */ = {isa = PBXFileReference; lastKnownFileType = folder.assetcatalog; path = Assets.xcassets; sourceTree = "<group>"; };
		366116202AF1C32B00409682 /* Base */ = {isa = PBXFileReference; lastKnownFileType = file.storyboard; name = Base; path = Base.lproj/LaunchScreen.storyboard; sourceTree = "<group>"; };
		366116222AF1C32B00409682 /* Info.plist */ = {isa = PBXFileReference; lastKnownFileType = text.plist.xml; path = Info.plist; sourceTree = "<group>"; };
		36BB452D2AF8329A007980D1 /* GFTextField.swift */ = {isa = PBXFileReference; lastKnownFileType = sourcecode.swift; path = GFTextField.swift; sourceTree = "<group>"; };
		36BB452F2AF98FB3007980D1 /* FollowerListVC.swift */ = {isa = PBXFileReference; lastKnownFileType = sourcecode.swift; path = FollowerListVC.swift; sourceTree = "<group>"; };
		36BB45312AF99491007980D1 /* GFTitleLabel.swift */ = {isa = PBXFileReference; lastKnownFileType = sourcecode.swift; path = GFTitleLabel.swift; sourceTree = "<group>"; };
		36BB45332AF995C1007980D1 /* GFBodyLabel.swift */ = {isa = PBXFileReference; lastKnownFileType = sourcecode.swift; path = GFBodyLabel.swift; sourceTree = "<group>"; };
		36BB45352AF9965C007980D1 /* GFAlertVC.swift */ = {isa = PBXFileReference; lastKnownFileType = sourcecode.swift; path = GFAlertVC.swift; sourceTree = "<group>"; };
		36BB45372AF99C57007980D1 /* UIViewController+Ext.swift */ = {isa = PBXFileReference; lastKnownFileType = sourcecode.swift; path = "UIViewController+Ext.swift"; sourceTree = "<group>"; };
		36BB453D2AF9A608007980D1 /* Follower.swift */ = {isa = PBXFileReference; lastKnownFileType = sourcecode.swift; path = Follower.swift; sourceTree = "<group>"; };
		36BB453F2AF9A611007980D1 /* User.swift */ = {isa = PBXFileReference; lastKnownFileType = sourcecode.swift; path = User.swift; sourceTree = "<group>"; };
		36BB45432AF9AE67007980D1 /* NetworkManager.swift */ = {isa = PBXFileReference; lastKnownFileType = sourcecode.swift; path = NetworkManager.swift; sourceTree = "<group>"; };
/* End PBXFileReference section */

/* Begin PBXFrameworksBuildPhase section */
		3661160E2AF1C32900409682 /* Frameworks */ = {
			isa = PBXFrameworksBuildPhase;
			buildActionMask = 2147483647;
			files = (
			);
			runOnlyForDeploymentPostprocessing = 0;
		};
/* End PBXFrameworksBuildPhase section */

/* Begin PBXGroup section */
		366116082AF1C32900409682 = {
			isa = PBXGroup;
			children = (
				366116132AF1C32900409682 /* GHFollowers */,
				366116122AF1C32900409682 /* Products */,
			);
			sourceTree = "<group>";
		};
		366116122AF1C32900409682 /* Products */ = {
			isa = PBXGroup;
			children = (
				366116112AF1C32900409682 /* GHFollowers.app */,
			);
			name = Products;
			sourceTree = "<group>";
		};
		366116132AF1C32900409682 /* GHFollowers */ = {
			isa = PBXGroup;
			children = (
				366116222AF1C32B00409682 /* Info.plist */,
				36BB45422AF9AE56007980D1 /* Managers */,
				36BB45412AF9A619007980D1 /* Model */,
				36BB453B2AF9A1A1007980D1 /* Extensions */,
				36BB453A2AF9A178007980D1 /* Custom Views */,
				36BB45392AF9A149007980D1 /* Screens */,
				36BB453C2AF9A207007980D1 /* Support */,
			);
			path = GHFollowers;
			sourceTree = "<group>";
		};
		36BB45392AF9A149007980D1 /* Screens */ = {
			isa = PBXGroup;
			children = (
				36215ECB2AF8238F00197C5E /* SearchVC.swift */,
				36BB452F2AF98FB3007980D1 /* FollowerListVC.swift */,
				36215ECD2AF823D600197C5E /* FavoritesListVC.swift */,
			);
			path = Screens;
			sourceTree = "<group>";
		};
		36BB453A2AF9A178007980D1 /* Custom Views */ = {
			isa = PBXGroup;
			children = (
				36BB45352AF9965C007980D1 /* GFAlertVC.swift */,
				36215ECF2AF82C1000197C5E /* GFButton.swift */,
				36BB452D2AF8329A007980D1 /* GFTextField.swift */,
				36BB45312AF99491007980D1 /* GFTitleLabel.swift */,
				36BB45332AF995C1007980D1 /* GFBodyLabel.swift */,
			);
			path = "Custom Views";
			sourceTree = "<group>";
		};
		36BB453B2AF9A1A1007980D1 /* Extensions */ = {
			isa = PBXGroup;
			children = (
				36BB45372AF99C57007980D1 /* UIViewController+Ext.swift */,
			);
			path = Extensions;
			sourceTree = "<group>";
		};
		36BB453C2AF9A207007980D1 /* Support */ = {
			isa = PBXGroup;
			children = (
				366116142AF1C32900409682 /* AppDelegate.swift */,
				366116162AF1C32900409682 /* SceneDelegate.swift */,
				3661161D2AF1C32B00409682 /* Assets.xcassets */,
				3661161F2AF1C32B00409682 /* LaunchScreen.storyboard */,
			);
			path = Support;
			sourceTree = "<group>";
		};
		36BB45412AF9A619007980D1 /* Model */ = {
			isa = PBXGroup;
			children = (
				36BB453D2AF9A608007980D1 /* Follower.swift */,
				36BB453F2AF9A611007980D1 /* User.swift */,
			);
			path = Model;
			sourceTree = "<group>";
		};
		36BB45422AF9AE56007980D1 /* Managers */ = {
			isa = PBXGroup;
			children = (
				36BB45432AF9AE67007980D1 /* NetworkManager.swift */,
			);
			path = Managers;
			sourceTree = "<group>";
		};
/* End PBXGroup section */

/* Begin PBXNativeTarget section */
		366116102AF1C32900409682 /* GHFollowers */ = {
			isa = PBXNativeTarget;
			buildConfigurationList = 366116252AF1C32B00409682 /* Build configuration list for PBXNativeTarget "GHFollowers" */;
			buildPhases = (
				3661160D2AF1C32900409682 /* Sources */,
				3661160E2AF1C32900409682 /* Frameworks */,
				3661160F2AF1C32900409682 /* Resources */,
			);
			buildRules = (
			);
			dependencies = (
			);
			name = GHFollowers;
			productName = GHFollowers;
			productReference = 366116112AF1C32900409682 /* GHFollowers.app */;
			productType = "com.apple.product-type.application";
		};
/* End PBXNativeTarget section */

/* Begin PBXProject section */
		366116092AF1C32900409682 /* Project object */ = {
			isa = PBXProject;
			attributes = {
				BuildIndependentTargetsInParallel = 1;
				LastSwiftUpdateCheck = 1500;
				LastUpgradeCheck = 1500;
				TargetAttributes = {
					366116102AF1C32900409682 = {
						CreatedOnToolsVersion = 15.0.1;
					};
				};
			};
			buildConfigurationList = 3661160C2AF1C32900409682 /* Build configuration list for PBXProject "GHFollowers" */;
			compatibilityVersion = "Xcode 14.0";
			developmentRegion = en;
			hasScannedForEncodings = 0;
			knownRegions = (
				en,
				Base,
			);
			mainGroup = 366116082AF1C32900409682;
			productRefGroup = 366116122AF1C32900409682 /* Products */;
			projectDirPath = "";
			projectRoot = "";
			targets = (
				366116102AF1C32900409682 /* GHFollowers */,
			);
		};
/* End PBXProject section */

/* Begin PBXResourcesBuildPhase section */
		3661160F2AF1C32900409682 /* Resources */ = {
			isa = PBXResourcesBuildPhase;
			buildActionMask = 2147483647;
			files = (
				366116212AF1C32B00409682 /* LaunchScreen.storyboard in Resources */,
				3661161E2AF1C32B00409682 /* Assets.xcassets in Resources */,
			);
			runOnlyForDeploymentPostprocessing = 0;
		};
/* End PBXResourcesBuildPhase section */

/* Begin PBXSourcesBuildPhase section */
		3661160D2AF1C32900409682 /* Sources */ = {
			isa = PBXSourcesBuildPhase;
			buildActionMask = 2147483647;
			files = (
				36BB45402AF9A611007980D1 /* User.swift in Sources */,
				36215ECC2AF8238F00197C5E /* SearchVC.swift in Sources */,
				36BB45382AF99C57007980D1 /* UIViewController+Ext.swift in Sources */,
				36215ED02AF82C1000197C5E /* GFButton.swift in Sources */,
				36215ECE2AF823D600197C5E /* FavoritesListVC.swift in Sources */,
				366116152AF1C32900409682 /* AppDelegate.swift in Sources */,
				36BB45362AF9965C007980D1 /* GFAlertVC.swift in Sources */,
				366116172AF1C32900409682 /* SceneDelegate.swift in Sources */,
				36BB453E2AF9A608007980D1 /* Follower.swift in Sources */,
				36BB45322AF99491007980D1 /* GFTitleLabel.swift in Sources */,
				36BB45442AF9AE67007980D1 /* NetworkManager.swift in Sources */,
				36BB45302AF98FB3007980D1 /* FollowerListVC.swift in Sources */,
				36BB452E2AF8329A007980D1 /* GFTextField.swift in Sources */,
				36BB45342AF995C1007980D1 /* GFBodyLabel.swift in Sources */,
			);
			runOnlyForDeploymentPostprocessing = 0;
		};
/* End PBXSourcesBuildPhase section */

/* Begin PBXVariantGroup section */
		3661161F2AF1C32B00409682 /* LaunchScreen.storyboard */ = {
			isa = PBXVariantGroup;
			children = (
				366116202AF1C32B00409682 /* Base */,
			);
			name = LaunchScreen.storyboard;
			sourceTree = "<group>";
		};
/* End PBXVariantGroup section */

/* Begin XCBuildConfiguration section */
		366116232AF1C32B00409682 /* Debug */ = {
			isa = XCBuildConfiguration;
			buildSettings = {
				ALWAYS_SEARCH_USER_PATHS = NO;
				ASSETCATALOG_COMPILER_GENERATE_SWIFT_ASSET_SYMBOL_EXTENSIONS = YES;
				CLANG_ANALYZER_NONNULL = YES;
				CLANG_ANALYZER_NUMBER_OBJECT_CONVERSION = YES_AGGRESSIVE;
				CLANG_CXX_LANGUAGE_STANDARD = "gnu++20";
				CLANG_ENABLE_MODULES = YES;
				CLANG_ENABLE_OBJC_ARC = YES;
				CLANG_ENABLE_OBJC_WEAK = YES;
				CLANG_WARN_BLOCK_CAPTURE_AUTORELEASING = YES;
				CLANG_WARN_BOOL_CONVERSION = YES;
				CLANG_WARN_COMMA = YES;
				CLANG_WARN_CONSTANT_CONVERSION = YES;
				CLANG_WARN_DEPRECATED_OBJC_IMPLEMENTATIONS = YES;
				CLANG_WARN_DIRECT_OBJC_ISA_USAGE = YES_ERROR;
				CLANG_WARN_DOCUMENTATION_COMMENTS = YES;
				CLANG_WARN_EMPTY_BODY = YES;
				CLANG_WARN_ENUM_CONVERSION = YES;
				CLANG_WARN_INFINITE_RECURSION = YES;
				CLANG_WARN_INT_CONVERSION = YES;
				CLANG_WARN_NON_LITERAL_NULL_CONVERSION = YES;
				CLANG_WARN_OBJC_IMPLICIT_RETAIN_SELF = YES;
				CLANG_WARN_OBJC_LITERAL_CONVERSION = YES;
				CLANG_WARN_OBJC_ROOT_CLASS = YES_ERROR;
				CLANG_WARN_QUOTED_INCLUDE_IN_FRAMEWORK_HEADER = YES;
				CLANG_WARN_RANGE_LOOP_ANALYSIS = YES;
				CLANG_WARN_STRICT_PROTOTYPES = YES;
				CLANG_WARN_SUSPICIOUS_MOVE = YES;
				CLANG_WARN_UNGUARDED_AVAILABILITY = YES_AGGRESSIVE;
				CLANG_WARN_UNREACHABLE_CODE = YES;
				CLANG_WARN__DUPLICATE_METHOD_MATCH = YES;
				COPY_PHASE_STRIP = NO;
				DEBUG_INFORMATION_FORMAT = dwarf;
				ENABLE_STRICT_OBJC_MSGSEND = YES;
				ENABLE_TESTABILITY = YES;
				ENABLE_USER_SCRIPT_SANDBOXING = YES;
				GCC_C_LANGUAGE_STANDARD = gnu17;
				GCC_DYNAMIC_NO_PIC = NO;
				GCC_NO_COMMON_BLOCKS = YES;
				GCC_OPTIMIZATION_LEVEL = 0;
				GCC_PREPROCESSOR_DEFINITIONS = (
					"DEBUG=1",
					"$(inherited)",
				);
				GCC_WARN_64_TO_32_BIT_CONVERSION = YES;
				GCC_WARN_ABOUT_RETURN_TYPE = YES_ERROR;
				GCC_WARN_UNDECLARED_SELECTOR = YES;
				GCC_WARN_UNINITIALIZED_AUTOS = YES_AGGRESSIVE;
				GCC_WARN_UNUSED_FUNCTION = YES;
				GCC_WARN_UNUSED_VARIABLE = YES;
				IPHONEOS_DEPLOYMENT_TARGET = 17.0;
				LOCALIZATION_PREFERS_STRING_CATALOGS = YES;
				MTL_ENABLE_DEBUG_INFO = INCLUDE_SOURCE;
				MTL_FAST_MATH = YES;
				ONLY_ACTIVE_ARCH = YES;
				SDKROOT = iphoneos;
				SWIFT_ACTIVE_COMPILATION_CONDITIONS = "DEBUG $(inherited)";
				SWIFT_OPTIMIZATION_LEVEL = "-Onone";
			};
			name = Debug;
		};
		366116242AF1C32B00409682 /* Release */ = {
			isa = XCBuildConfiguration;
			buildSettings = {
				ALWAYS_SEARCH_USER_PATHS = NO;
				ASSETCATALOG_COMPILER_GENERATE_SWIFT_ASSET_SYMBOL_EXTENSIONS = YES;
				CLANG_ANALYZER_NONNULL = YES;
				CLANG_ANALYZER_NUMBER_OBJECT_CONVERSION = YES_AGGRESSIVE;
				CLANG_CXX_LANGUAGE_STANDARD = "gnu++20";
				CLANG_ENABLE_MODULES = YES;
				CLANG_ENABLE_OBJC_ARC = YES;
				CLANG_ENABLE_OBJC_WEAK = YES;
				CLANG_WARN_BLOCK_CAPTURE_AUTORELEASING = YES;
				CLANG_WARN_BOOL_CONVERSION = YES;
				CLANG_WARN_COMMA = YES;
				CLANG_WARN_CONSTANT_CONVERSION = YES;
				CLANG_WARN_DEPRECATED_OBJC_IMPLEMENTATIONS = YES;
				CLANG_WARN_DIRECT_OBJC_ISA_USAGE = YES_ERROR;
				CLANG_WARN_DOCUMENTATION_COMMENTS = YES;
				CLANG_WARN_EMPTY_BODY = YES;
				CLANG_WARN_ENUM_CONVERSION = YES;
				CLANG_WARN_INFINITE_RECURSION = YES;
				CLANG_WARN_INT_CONVERSION = YES;
				CLANG_WARN_NON_LITERAL_NULL_CONVERSION = YES;
				CLANG_WARN_OBJC_IMPLICIT_RETAIN_SELF = YES;
				CLANG_WARN_OBJC_LITERAL_CONVERSION = YES;
				CLANG_WARN_OBJC_ROOT_CLASS = YES_ERROR;
				CLANG_WARN_QUOTED_INCLUDE_IN_FRAMEWORK_HEADER = YES;
				CLANG_WARN_RANGE_LOOP_ANALYSIS = YES;
				CLANG_WARN_STRICT_PROTOTYPES = YES;
				CLANG_WARN_SUSPICIOUS_MOVE = YES;
				CLANG_WARN_UNGUARDED_AVAILABILITY = YES_AGGRESSIVE;
				CLANG_WARN_UNREACHABLE_CODE = YES;
				CLANG_WARN__DUPLICATE_METHOD_MATCH = YES;
				COPY_PHASE_STRIP = NO;
				DEBUG_INFORMATION_FORMAT = "dwarf-with-dsym";
				ENABLE_NS_ASSERTIONS = NO;
				ENABLE_STRICT_OBJC_MSGSEND = YES;
				ENABLE_USER_SCRIPT_SANDBOXING = YES;
				GCC_C_LANGUAGE_STANDARD = gnu17;
				GCC_NO_COMMON_BLOCKS = YES;
				GCC_WARN_64_TO_32_BIT_CONVERSION = YES;
				GCC_WARN_ABOUT_RETURN_TYPE = YES_ERROR;
				GCC_WARN_UNDECLARED_SELECTOR = YES;
				GCC_WARN_UNINITIALIZED_AUTOS = YES_AGGRESSIVE;
				GCC_WARN_UNUSED_FUNCTION = YES;
				GCC_WARN_UNUSED_VARIABLE = YES;
				IPHONEOS_DEPLOYMENT_TARGET = 17.0;
				LOCALIZATION_PREFERS_STRING_CATALOGS = YES;
				MTL_ENABLE_DEBUG_INFO = NO;
				MTL_FAST_MATH = YES;
				SDKROOT = iphoneos;
				SWIFT_COMPILATION_MODE = wholemodule;
				VALIDATE_PRODUCT = YES;
			};
			name = Release;
		};
		366116262AF1C32B00409682 /* Debug */ = {
			isa = XCBuildConfiguration;
			buildSettings = {
				ASSETCATALOG_COMPILER_APPICON_NAME = AppIcon;
				ASSETCATALOG_COMPILER_GLOBAL_ACCENT_COLOR_NAME = AccentColor;
				CODE_SIGN_STYLE = Automatic;
				CURRENT_PROJECT_VERSION = 1;
				DEVELOPMENT_TEAM = 53KF8NNQU6;
				GENERATE_INFOPLIST_FILE = YES;
				INFOPLIST_FILE = GHFollowers/Info.plist;
				INFOPLIST_KEY_UIApplicationSupportsIndirectInputEvents = YES;
				INFOPLIST_KEY_UILaunchStoryboardName = LaunchScreen;
				INFOPLIST_KEY_UIMainStoryboardFile = "";
				INFOPLIST_KEY_UISupportedInterfaceOrientations_iPad = "UIInterfaceOrientationPortrait UIInterfaceOrientationPortraitUpsideDown UIInterfaceOrientationLandscapeLeft UIInterfaceOrientationLandscapeRight";
				INFOPLIST_KEY_UISupportedInterfaceOrientations_iPhone = "UIInterfaceOrientationPortrait UIInterfaceOrientationLandscapeLeft UIInterfaceOrientationLandscapeRight";
				LD_RUNPATH_SEARCH_PATHS = (
					"$(inherited)",
					"@executable_path/Frameworks",
				);
				MARKETING_VERSION = 1.0;
				PRODUCT_BUNDLE_IDENTIFIER = AY.GHFollowers;
				PRODUCT_NAME = "$(TARGET_NAME)";
				SWIFT_EMIT_LOC_STRINGS = YES;
				SWIFT_VERSION = 5.0;
				TARGETED_DEVICE_FAMILY = "1,2";
			};
			name = Debug;
		};
		366116272AF1C32B00409682 /* Release */ = {
			isa = XCBuildConfiguration;
			buildSettings = {
				ASSETCATALOG_COMPILER_APPICON_NAME = AppIcon;
				ASSETCATALOG_COMPILER_GLOBAL_ACCENT_COLOR_NAME = AccentColor;
				CODE_SIGN_STYLE = Automatic;
				CURRENT_PROJECT_VERSION = 1;
				DEVELOPMENT_TEAM = 53KF8NNQU6;
				GENERATE_INFOPLIST_FILE = YES;
				INFOPLIST_FILE = GHFollowers/Info.plist;
				INFOPLIST_KEY_UIApplicationSupportsIndirectInputEvents = YES;
				INFOPLIST_KEY_UILaunchStoryboardName = LaunchScreen;
				INFOPLIST_KEY_UIMainStoryboardFile = "";
				INFOPLIST_KEY_UISupportedInterfaceOrientations_iPad = "UIInterfaceOrientationPortrait UIInterfaceOrientationPortraitUpsideDown UIInterfaceOrientationLandscapeLeft UIInterfaceOrientationLandscapeRight";
				INFOPLIST_KEY_UISupportedInterfaceOrientations_iPhone = "UIInterfaceOrientationPortrait UIInterfaceOrientationLandscapeLeft UIInterfaceOrientationLandscapeRight";
				LD_RUNPATH_SEARCH_PATHS = (
					"$(inherited)",
					"@executable_path/Frameworks",
				);
				MARKETING_VERSION = 1.0;
				PRODUCT_BUNDLE_IDENTIFIER = AY.GHFollowers;
				PRODUCT_NAME = "$(TARGET_NAME)";
				SWIFT_EMIT_LOC_STRINGS = YES;
				SWIFT_VERSION = 5.0;
				TARGETED_DEVICE_FAMILY = "1,2";
			};
			name = Release;
		};
/* End XCBuildConfiguration section */

/* Begin XCConfigurationList section */
		3661160C2AF1C32900409682 /* Build configuration list for PBXProject "GHFollowers" */ = {
			isa = XCConfigurationList;
			buildConfigurations = (
				366116232AF1C32B00409682 /* Debug */,
				366116242AF1C32B00409682 /* Release */,
			);
			defaultConfigurationIsVisible = 0;
			defaultConfigurationName = Release;
		};
		366116252AF1C32B00409682 /* Build configuration list for PBXNativeTarget "GHFollowers" */ = {
			isa = XCConfigurationList;
			buildConfigurations = (
				366116262AF1C32B00409682 /* Debug */,
				366116272AF1C32B00409682 /* Release */,
			);
			defaultConfigurationIsVisible = 0;
			defaultConfigurationName = Release;
		};
/* End XCConfigurationList section */
	};
	rootObject = 366116092AF1C32900409682 /* Project object */;
}
